
Microsoft Visual Studio Solution File, Format Version 12.00
# Visual Studio 15
VisualStudioVersion = 15.0.26124.0
MinimumVisualStudioVersion = 15.0.26124.0
Project("{2150E333-8FDC-42A3-9474-1A3956D46DE8}") = "Source", "Source", "{0C821C01-43A8-4161-9C4C-568595210266}"
EndProject
Project("{FAE04EC0-301F-11D3-BF4B-00C04F79EFBC}") = "Events.Processing", "Source\Events.Processing\Events.Processing.csproj", "{8B5901C9-AA6A-4F12-95AC-1E77B4BD1EB3}"
EndProject
Project("{FAE04EC0-301F-11D3-BF4B-00C04F79EFBC}") = "Domain", "Source\Domain\Domain.csproj", "{1A1B93AF-E900-4B10-839F-AA2371C0FFEE}"
EndProject
Project("{FAE04EC0-301F-11D3-BF4B-00C04F79EFBC}") = "Validation", "Source\Validation\Validation.csproj", "{612FD2E3-2572-4D34-97A2-DDFB7B868EBE}"
EndProject
Project("{2150E333-8FDC-42A3-9474-1A3956D46DE8}") = "Specifications", "Specifications", "{6827A108-BCE6-4E11-B081-49C0D8352942}"
EndProject
Project("{FAE04EC0-301F-11D3-BF4B-00C04F79EFBC}") = "Domain", "Specifications\Domain\Domain.csproj", "{326AAEF3-5B9F-4175-A914-A5898BCE1731}"
EndProject
Project("{FAE04EC0-301F-11D3-BF4B-00C04F79EFBC}") = "Events.Processing", "Specifications\Events.Processing\Events.Processing.csproj", "{69933A54-DB3D-48F3-9EE1-2CD3CC4467E0}"
EndProject
Project("{FAE04EC0-301F-11D3-BF4B-00C04F79EFBC}") = "Validation", "Specifications\Validation\Validation.csproj", "{AB3DF70F-1D51-4BA6-B6E1-6815C4DB881A}"
EndProject
Global
	GlobalSection(SolutionConfigurationPlatforms) = preSolution
		Debug|Any CPU = Debug|Any CPU
		Debug|x64 = Debug|x64
		Debug|x86 = Debug|x86
		Release|Any CPU = Release|Any CPU
		Release|x64 = Release|x64
		Release|x86 = Release|x86
	EndGlobalSection
	GlobalSection(SolutionProperties) = preSolution
		HideSolutionNode = FALSE
	EndGlobalSection
	GlobalSection(ProjectConfigurationPlatforms) = postSolution
		{8B5901C9-AA6A-4F12-95AC-1E77B4BD1EB3}.Debug|Any CPU.ActiveCfg = Debug|Any CPU
		{8B5901C9-AA6A-4F12-95AC-1E77B4BD1EB3}.Debug|Any CPU.Build.0 = Debug|Any CPU
		{8B5901C9-AA6A-4F12-95AC-1E77B4BD1EB3}.Debug|x64.ActiveCfg = Debug|x64
		{8B5901C9-AA6A-4F12-95AC-1E77B4BD1EB3}.Debug|x64.Build.0 = Debug|x64
		{8B5901C9-AA6A-4F12-95AC-1E77B4BD1EB3}.Debug|x86.ActiveCfg = Debug|x86
		{8B5901C9-AA6A-4F12-95AC-1E77B4BD1EB3}.Debug|x86.Build.0 = Debug|x86
		{8B5901C9-AA6A-4F12-95AC-1E77B4BD1EB3}.Release|Any CPU.ActiveCfg = Release|Any CPU
		{8B5901C9-AA6A-4F12-95AC-1E77B4BD1EB3}.Release|Any CPU.Build.0 = Release|Any CPU
		{8B5901C9-AA6A-4F12-95AC-1E77B4BD1EB3}.Release|x64.ActiveCfg = Release|x64
		{8B5901C9-AA6A-4F12-95AC-1E77B4BD1EB3}.Release|x64.Build.0 = Release|x64
		{8B5901C9-AA6A-4F12-95AC-1E77B4BD1EB3}.Release|x86.ActiveCfg = Release|x86
		{8B5901C9-AA6A-4F12-95AC-1E77B4BD1EB3}.Release|x86.Build.0 = Release|x86
		{1A1B93AF-E900-4B10-839F-AA2371C0FFEE}.Debug|Any CPU.ActiveCfg = Debug|Any CPU
		{1A1B93AF-E900-4B10-839F-AA2371C0FFEE}.Debug|Any CPU.Build.0 = Debug|Any CPU
		{1A1B93AF-E900-4B10-839F-AA2371C0FFEE}.Debug|x64.ActiveCfg = Debug|x64
		{1A1B93AF-E900-4B10-839F-AA2371C0FFEE}.Debug|x64.Build.0 = Debug|x64
		{1A1B93AF-E900-4B10-839F-AA2371C0FFEE}.Debug|x86.ActiveCfg = Debug|x86
		{1A1B93AF-E900-4B10-839F-AA2371C0FFEE}.Debug|x86.Build.0 = Debug|x86
		{1A1B93AF-E900-4B10-839F-AA2371C0FFEE}.Release|Any CPU.ActiveCfg = Release|Any CPU
		{1A1B93AF-E900-4B10-839F-AA2371C0FFEE}.Release|Any CPU.Build.0 = Release|Any CPU
		{1A1B93AF-E900-4B10-839F-AA2371C0FFEE}.Release|x64.ActiveCfg = Release|x64
		{1A1B93AF-E900-4B10-839F-AA2371C0FFEE}.Release|x64.Build.0 = Release|x64
		{1A1B93AF-E900-4B10-839F-AA2371C0FFEE}.Release|x86.ActiveCfg = Release|x86
		{1A1B93AF-E900-4B10-839F-AA2371C0FFEE}.Release|x86.Build.0 = Release|x86
		{612FD2E3-2572-4D34-97A2-DDFB7B868EBE}.Debug|Any CPU.ActiveCfg = Debug|Any CPU
		{612FD2E3-2572-4D34-97A2-DDFB7B868EBE}.Debug|Any CPU.Build.0 = Debug|Any CPU
		{612FD2E3-2572-4D34-97A2-DDFB7B868EBE}.Debug|x64.ActiveCfg = Debug|x64
		{612FD2E3-2572-4D34-97A2-DDFB7B868EBE}.Debug|x64.Build.0 = Debug|x64
		{612FD2E3-2572-4D34-97A2-DDFB7B868EBE}.Debug|x86.ActiveCfg = Debug|x86
		{612FD2E3-2572-4D34-97A2-DDFB7B868EBE}.Debug|x86.Build.0 = Debug|x86
		{612FD2E3-2572-4D34-97A2-DDFB7B868EBE}.Release|Any CPU.ActiveCfg = Release|Any CPU
		{612FD2E3-2572-4D34-97A2-DDFB7B868EBE}.Release|Any CPU.Build.0 = Release|Any CPU
		{612FD2E3-2572-4D34-97A2-DDFB7B868EBE}.Release|x64.ActiveCfg = Release|x64
		{612FD2E3-2572-4D34-97A2-DDFB7B868EBE}.Release|x64.Build.0 = Release|x64
		{612FD2E3-2572-4D34-97A2-DDFB7B868EBE}.Release|x86.ActiveCfg = Release|x86
		{612FD2E3-2572-4D34-97A2-DDFB7B868EBE}.Release|x86.Build.0 = Release|x86
		{326AAEF3-5B9F-4175-A914-A5898BCE1731}.Debug|Any CPU.ActiveCfg = Debug|Any CPU
		{326AAEF3-5B9F-4175-A914-A5898BCE1731}.Debug|Any CPU.Build.0 = Debug|Any CPU
		{326AAEF3-5B9F-4175-A914-A5898BCE1731}.Debug|x64.ActiveCfg = Debug|x64
		{326AAEF3-5B9F-4175-A914-A5898BCE1731}.Debug|x64.Build.0 = Debug|x64
		{326AAEF3-5B9F-4175-A914-A5898BCE1731}.Debug|x86.ActiveCfg = Debug|x86
		{326AAEF3-5B9F-4175-A914-A5898BCE1731}.Debug|x86.Build.0 = Debug|x86
		{326AAEF3-5B9F-4175-A914-A5898BCE1731}.Release|Any CPU.ActiveCfg = Release|Any CPU
		{326AAEF3-5B9F-4175-A914-A5898BCE1731}.Release|Any CPU.Build.0 = Release|Any CPU
		{326AAEF3-5B9F-4175-A914-A5898BCE1731}.Release|x64.ActiveCfg = Release|x64
		{326AAEF3-5B9F-4175-A914-A5898BCE1731}.Release|x64.Build.0 = Release|x64
		{326AAEF3-5B9F-4175-A914-A5898BCE1731}.Release|x86.ActiveCfg = Release|x86
		{326AAEF3-5B9F-4175-A914-A5898BCE1731}.Release|x86.Build.0 = Release|x86
		{69933A54-DB3D-48F3-9EE1-2CD3CC4467E0}.Debug|Any CPU.ActiveCfg = Debug|Any CPU
		{69933A54-DB3D-48F3-9EE1-2CD3CC4467E0}.Debug|Any CPU.Build.0 = Debug|Any CPU
		{69933A54-DB3D-48F3-9EE1-2CD3CC4467E0}.Debug|x64.ActiveCfg = Debug|x64
		{69933A54-DB3D-48F3-9EE1-2CD3CC4467E0}.Debug|x64.Build.0 = Debug|x64
		{69933A54-DB3D-48F3-9EE1-2CD3CC4467E0}.Debug|x86.ActiveCfg = Debug|x86
		{69933A54-DB3D-48F3-9EE1-2CD3CC4467E0}.Debug|x86.Build.0 = Debug|x86
		{69933A54-DB3D-48F3-9EE1-2CD3CC4467E0}.Release|Any CPU.ActiveCfg = Release|Any CPU
		{69933A54-DB3D-48F3-9EE1-2CD3CC4467E0}.Release|Any CPU.Build.0 = Release|Any CPU
		{69933A54-DB3D-48F3-9EE1-2CD3CC4467E0}.Release|x64.ActiveCfg = Release|x64
		{69933A54-DB3D-48F3-9EE1-2CD3CC4467E0}.Release|x64.Build.0 = Release|x64
		{69933A54-DB3D-48F3-9EE1-2CD3CC4467E0}.Release|x86.ActiveCfg = Release|x86
		{69933A54-DB3D-48F3-9EE1-2CD3CC4467E0}.Release|x86.Build.0 = Release|x86
		{AB3DF70F-1D51-4BA6-B6E1-6815C4DB881A}.Debug|Any CPU.ActiveCfg = Debug|Any CPU
		{AB3DF70F-1D51-4BA6-B6E1-6815C4DB881A}.Debug|Any CPU.Build.0 = Debug|Any CPU
		{AB3DF70F-1D51-4BA6-B6E1-6815C4DB881A}.Debug|x64.ActiveCfg = Debug|x64
		{AB3DF70F-1D51-4BA6-B6E1-6815C4DB881A}.Debug|x64.Build.0 = Debug|x64
		{AB3DF70F-1D51-4BA6-B6E1-6815C4DB881A}.Debug|x86.ActiveCfg = Debug|x86
		{AB3DF70F-1D51-4BA6-B6E1-6815C4DB881A}.Debug|x86.Build.0 = Debug|x86
		{AB3DF70F-1D51-4BA6-B6E1-6815C4DB881A}.Release|Any CPU.ActiveCfg = Release|Any CPU
		{AB3DF70F-1D51-4BA6-B6E1-6815C4DB881A}.Release|Any CPU.Build.0 = Release|Any CPU
		{AB3DF70F-1D51-4BA6-B6E1-6815C4DB881A}.Release|x64.ActiveCfg = Release|x64
		{AB3DF70F-1D51-4BA6-B6E1-6815C4DB881A}.Release|x64.Build.0 = Release|x64
		{AB3DF70F-1D51-4BA6-B6E1-6815C4DB881A}.Release|x86.ActiveCfg = Release|x86
		{AB3DF70F-1D51-4BA6-B6E1-6815C4DB881A}.Release|x86.Build.0 = Release|x86
	EndGlobalSection
	GlobalSection(NestedProjects) = preSolution
		{8B5901C9-AA6A-4F12-95AC-1E77B4BD1EB3} = {0C821C01-43A8-4161-9C4C-568595210266}
		{1A1B93AF-E900-4B10-839F-AA2371C0FFEE} = {0C821C01-43A8-4161-9C4C-568595210266}
		{612FD2E3-2572-4D34-97A2-DDFB7B868EBE} = {0C821C01-43A8-4161-9C4C-568595210266}
		{326AAEF3-5B9F-4175-A914-A5898BCE1731} = {6827A108-BCE6-4E11-B081-49C0D8352942}
		{69933A54-DB3D-48F3-9EE1-2CD3CC4467E0} = {6827A108-BCE6-4E11-B081-49C0D8352942}
		{AB3DF70F-1D51-4BA6-B6E1-6815C4DB881A} = {6827A108-BCE6-4E11-B081-49C0D8352942}
	EndGlobalSection
EndGlobal
