
Microsoft Visual Studio Solution File, Format Version 12.00
# Visual Studio 15
VisualStudioVersion = 15.0.26124.0
MinimumVisualStudioVersion = 15.0.26124.0
Project("{2150E333-8FDC-42A3-9474-1A3956D46DE8}") = "Source", "Source", "{E596B85A-99C6-45FE-BD0F-C4D33AB9F5A9}"
EndProject
Project("{FAE04EC0-301F-11D3-BF4B-00C04F79EFBC}") = "Applications", "Source\AggregatedPackage\Applications.csproj", "{56DAF99B-567D-4828-8822-74663B0DDA91}"
EndProject
Project("{FAE04EC0-301F-11D3-BF4B-00C04F79EFBC}") = "Commands", "Source\Commands\Commands.csproj", "{6033D366-6444-432D-B0F6-9236ED0DA981}"
EndProject
Project("{FAE04EC0-301F-11D3-BF4B-00C04F79EFBC}") = "Commands.Coordination", "Source\Commands.Coordination\Commands.Coordination.csproj", "{28AEBC73-EAA0-424F-A8CA-E2C082F866C8}"
EndProject
Project("{FAE04EC0-301F-11D3-BF4B-00C04F79EFBC}") = "Commands.Handling", "Source\Commands.Handling\Commands.Handling.csproj", "{832451A8-E3F3-4471-AE26-C8AC62B8352C}"
EndProject
Project("{FAE04EC0-301F-11D3-BF4B-00C04F79EFBC}") = "Commands.Security", "Source\Commands.Security\Commands.Security.csproj", "{5511427B-43AE-4063-A32C-CBF63BF567E4}"
EndProject
Project("{FAE04EC0-301F-11D3-BF4B-00C04F79EFBC}") = "Commands.Validation", "Source\Commands.Validation\Commands.Validation.csproj", "{E81C7E21-B65B-4903-9F01-3860E7B07B98}"
EndProject
Project("{FAE04EC0-301F-11D3-BF4B-00C04F79EFBC}") = "Queries", "Source\Queries\Queries.csproj", "{9E9E72FB-67E0-4B6B-90B6-2D4040D16C23}"
EndProject
Project("{FAE04EC0-301F-11D3-BF4B-00C04F79EFBC}") = "Queries.Coordination", "Source\Queries.Coordination\Queries.Coordination.csproj", "{59A7F6B6-CD78-492D-984F-1D4F3C610188}"
EndProject
Project("{FAE04EC0-301F-11D3-BF4B-00C04F79EFBC}") = "Queries.Security", "Source\Queries.Security\Queries.Security.csproj", "{C450CED1-2706-4B54-B5FE-8D24BD58541B}"
EndProject
Project("{FAE04EC0-301F-11D3-BF4B-00C04F79EFBC}") = "Queries.Validation", "Source\Queries.Validation\Queries.Validation.csproj", "{76DB5B99-43AF-424B-82F0-D581C7E88506}"
EndProject
Project("{FAE04EC0-301F-11D3-BF4B-00C04F79EFBC}") = "ReadModels", "Source\ReadModels\ReadModels.csproj", "{944D78A7-8736-48F4-B6A5-03D51754122A}"
EndProject
Project("{2150E333-8FDC-42A3-9474-1A3956D46DE8}") = "Specifications", "Specifications", "{41C9F60F-E43C-4D83-AABA-99795F08649C}"
EndProject
Project("{FAE04EC0-301F-11D3-BF4B-00C04F79EFBC}") = "Commands", "Specifications\Commands\Commands.csproj", "{6509EFF6-3415-4040-8975-52BA15533F9A}"
EndProject
Project("{FAE04EC0-301F-11D3-BF4B-00C04F79EFBC}") = "Commands.Handling", "Specifications\Commands.Handling\Commands.Handling.csproj", "{00574253-14DB-4409-847B-B540CBB931EF}"
EndProject
Project("{FAE04EC0-301F-11D3-BF4B-00C04F79EFBC}") = "Commands.Coordination", "Specifications\Commands.Coordination\Commands.Coordination.csproj", "{D23B2C92-75C1-4B1A-BBD5-B49243967383}"
EndProject
Project("{FAE04EC0-301F-11D3-BF4B-00C04F79EFBC}") = "Commands.Security", "Specifications\Commands.Security\Commands.Security.csproj", "{0AA5C11E-4BDB-428E-9663-FE6147289A64}"
EndProject
Project("{FAE04EC0-301F-11D3-BF4B-00C04F79EFBC}") = "Commands.Validation", "Specifications\Commands.Validation\Commands.Validation.csproj", "{30AA46EE-F4F8-493A-91A3-82D7B23E0780}"
EndProject
Project("{FAE04EC0-301F-11D3-BF4B-00C04F79EFBC}") = "Queries", "Specifications\Queries\Queries.csproj", "{876378D4-19A7-4EE4-8546-0D655C8A9413}"
EndProject
Project("{FAE04EC0-301F-11D3-BF4B-00C04F79EFBC}") = "Queries.Coordination", "Specifications\Queries.Coordination\Queries.Coordination.csproj", "{A3FBAAA5-20C0-47CD-B101-B3DCB85650C2}"
EndProject
Project("{FAE04EC0-301F-11D3-BF4B-00C04F79EFBC}") = "Queries.Security", "Specifications\Queries.Security\Queries.Security.csproj", "{D6BB6CF9-44A2-4A17-AABE-7D14551589B1}"
EndProject
Project("{FAE04EC0-301F-11D3-BF4B-00C04F79EFBC}") = "Queries.Validation", "Specifications\Queries.Validation\Queries.Validation.csproj", "{1AFF893F-9970-489D-A098-603AEB1BAE60}"
EndProject
Project("{FAE04EC0-301F-11D3-BF4B-00C04F79EFBC}") = "Machine.Specifications.Events", "Specifications\Machine.Specifications.Events\Machine.Specifications.Events.csproj", "{3B9B87DE-D516-4217-8C85-AF5BFBCAA36A}"
EndProject
Project("{FAE04EC0-301F-11D3-BF4B-00C04F79EFBC}") = "Machine.Specifications.MongoDB", "Specifications\Machine.Specifications.MongoDB\Machine.Specifications.MongoDB.csproj", "{28A99180-16AF-4958-A602-D901844D4916}"
EndProject
Project("{FAE04EC0-301F-11D3-BF4B-00C04F79EFBC}") = "AspNetCore", "Source\AspNetCore\AspNetCore.csproj", "{5947F1F7-CA7D-4F3A-8B62-BF17479105C2}"
EndProject
Project("{FAE04EC0-301F-11D3-BF4B-00C04F79EFBC}") = "AspNetCore.Commands", "Source\AspNetCore.Commands\AspNetCore.Commands.csproj", "{26CB959F-5631-4B4B-BA20-721BB86BDA66}"
EndProject
Project("{FAE04EC0-301F-11D3-BF4B-00C04F79EFBC}") = "AspNetCore.Debugging", "Source\AspNetCore.Debugging\AspNetCore.Debugging.csproj", "{C9F6F30F-68AB-4D2A-93B2-04DA5AD57ADD}"
EndProject
Project("{FAE04EC0-301F-11D3-BF4B-00C04F79EFBC}") = "AspNetCore.Http", "Source\AspNetCore.Http\AspNetCore.Http.csproj", "{75FF04B9-10A5-4C69-8385-BCC2F5CA9B6F}"
EndProject
Project("{FAE04EC0-301F-11D3-BF4B-00C04F79EFBC}") = "AspNetCore.Queries", "Source\AspNetCore.Queries\AspNetCore.Queries.csproj", "{BAA2BAD2-4A05-48B6-9D4F-2145568AE065}"
EndProject
Project("{FAE04EC0-301F-11D3-BF4B-00C04F79EFBC}") = "Machine.Specifications", "Source\Machine.Specifications\Machine.Specifications.csproj", "{612AA833-0A4E-4451-8145-7C709E2B30F3}"
EndProject
Project("{FAE04EC0-301F-11D3-BF4B-00C04F79EFBC}") = "ReadModels.MongoDB", "Source\ReadModels.MongoDB\ReadModels.MongoDB.csproj", "{FDAB7CFD-01D8-405A-822C-1E20D885CE52}"
EndProject
Project("{FAE04EC0-301F-11D3-BF4B-00C04F79EFBC}") = "Build", "Source\Build\Build.csproj", "{83E581A1-9907-4345-B63A-6A0F40D3E044}"
EndProject
Project("{FAE04EC0-301F-11D3-BF4B-00C04F79EFBC}") = "Domain", "Source\Domain\Domain.csproj", "{4F82927E-0828-43ED-811B-9DF4CB280C46}"
EndProject
Project("{FAE04EC0-301F-11D3-BF4B-00C04F79EFBC}") = "Build", "Specifications\Build\Build.csproj", "{F04F3E11-22DD-4F93-B33F-FAB7952D728C}"
EndProject
Project("{FAE04EC0-301F-11D3-BF4B-00C04F79EFBC}") = "Configuration", "Source\Configuration\Configuration.csproj", "{88E26D1A-4535-46A3-8ACD-ED9419FB2A1A}"
EndProject
Project("{FAE04EC0-301F-11D3-BF4B-00C04F79EFBC}") = "Machine.Specifications.MongoDB", "Source\Machine.Specifications.MongoDB\Machine.Specifications.MongoDB.csproj", "{4A44076D-F10C-40E8-A598-B4874A861A9B}"
EndProject
Project("{FAE04EC0-301F-11D3-BF4B-00C04F79EFBC}") = "Microservice.Configuration", "Source\Microservice.Configuration\Microservice.Configuration.csproj", "{9C217792-F57B-466A-9A97-FAF39212E84A}"
EndProject
Project("{FAE04EC0-301F-11D3-BF4B-00C04F79EFBC}") = "Artifacts.Configuration", "Source\Artifacts.Configuration\Artifacts.Configuration.csproj", "{BC2518F9-3467-428D-A847-1EE51DB0F212}"
EndProject
Project("{FAE04EC0-301F-11D3-BF4B-00C04F79EFBC}") = "EventHorizon", "Source\EventHorizon\EventHorizon.csproj", "{B111B425-2361-4173-A097-312A90565C6A}"
EndProject
Project("{FAE04EC0-301F-11D3-BF4B-00C04F79EFBC}") = "Events.Filters", "Source\Events.Filters\Events.Filters.csproj", "{88E56944-53AF-41B5-81E6-50C503539CA3}"
EndProject
Project("{FAE04EC0-301F-11D3-BF4B-00C04F79EFBC}") = "Events.Handling", "Source\Events.Handling\Events.Handling.csproj", "{A6BAECF0-30F1-4929-A787-4352CA77485C}"
EndProject
Global
	GlobalSection(SolutionConfigurationPlatforms) = preSolution
		Debug|Any CPU = Debug|Any CPU
		Debug|x64 = Debug|x64
		Debug|x86 = Debug|x86
		Release|Any CPU = Release|Any CPU
		Release|x64 = Release|x64
		Release|x86 = Release|x86
	EndGlobalSection
	GlobalSection(SolutionProperties) = preSolution
		HideSolutionNode = FALSE
	EndGlobalSection
	GlobalSection(ProjectConfigurationPlatforms) = postSolution
		{56DAF99B-567D-4828-8822-74663B0DDA91}.Debug|Any CPU.ActiveCfg = Debug|Any CPU
		{56DAF99B-567D-4828-8822-74663B0DDA91}.Debug|Any CPU.Build.0 = Debug|Any CPU
		{56DAF99B-567D-4828-8822-74663B0DDA91}.Debug|x64.ActiveCfg = Debug|Any CPU
		{56DAF99B-567D-4828-8822-74663B0DDA91}.Debug|x64.Build.0 = Debug|Any CPU
		{56DAF99B-567D-4828-8822-74663B0DDA91}.Debug|x86.ActiveCfg = Debug|Any CPU
		{56DAF99B-567D-4828-8822-74663B0DDA91}.Debug|x86.Build.0 = Debug|Any CPU
		{56DAF99B-567D-4828-8822-74663B0DDA91}.Release|Any CPU.ActiveCfg = Release|Any CPU
		{56DAF99B-567D-4828-8822-74663B0DDA91}.Release|Any CPU.Build.0 = Release|Any CPU
		{56DAF99B-567D-4828-8822-74663B0DDA91}.Release|x64.ActiveCfg = Release|Any CPU
		{56DAF99B-567D-4828-8822-74663B0DDA91}.Release|x64.Build.0 = Release|Any CPU
		{56DAF99B-567D-4828-8822-74663B0DDA91}.Release|x86.ActiveCfg = Release|Any CPU
		{56DAF99B-567D-4828-8822-74663B0DDA91}.Release|x86.Build.0 = Release|Any CPU
		{6033D366-6444-432D-B0F6-9236ED0DA981}.Debug|Any CPU.ActiveCfg = Debug|Any CPU
		{6033D366-6444-432D-B0F6-9236ED0DA981}.Debug|Any CPU.Build.0 = Debug|Any CPU
		{6033D366-6444-432D-B0F6-9236ED0DA981}.Debug|x64.ActiveCfg = Debug|Any CPU
		{6033D366-6444-432D-B0F6-9236ED0DA981}.Debug|x64.Build.0 = Debug|Any CPU
		{6033D366-6444-432D-B0F6-9236ED0DA981}.Debug|x86.ActiveCfg = Debug|Any CPU
		{6033D366-6444-432D-B0F6-9236ED0DA981}.Debug|x86.Build.0 = Debug|Any CPU
		{6033D366-6444-432D-B0F6-9236ED0DA981}.Release|Any CPU.ActiveCfg = Release|Any CPU
		{6033D366-6444-432D-B0F6-9236ED0DA981}.Release|Any CPU.Build.0 = Release|Any CPU
		{6033D366-6444-432D-B0F6-9236ED0DA981}.Release|x64.ActiveCfg = Release|Any CPU
		{6033D366-6444-432D-B0F6-9236ED0DA981}.Release|x64.Build.0 = Release|Any CPU
		{6033D366-6444-432D-B0F6-9236ED0DA981}.Release|x86.ActiveCfg = Release|Any CPU
		{6033D366-6444-432D-B0F6-9236ED0DA981}.Release|x86.Build.0 = Release|Any CPU
		{28AEBC73-EAA0-424F-A8CA-E2C082F866C8}.Debug|Any CPU.ActiveCfg = Debug|Any CPU
		{28AEBC73-EAA0-424F-A8CA-E2C082F866C8}.Debug|Any CPU.Build.0 = Debug|Any CPU
		{28AEBC73-EAA0-424F-A8CA-E2C082F866C8}.Debug|x64.ActiveCfg = Debug|Any CPU
		{28AEBC73-EAA0-424F-A8CA-E2C082F866C8}.Debug|x64.Build.0 = Debug|Any CPU
		{28AEBC73-EAA0-424F-A8CA-E2C082F866C8}.Debug|x86.ActiveCfg = Debug|Any CPU
		{28AEBC73-EAA0-424F-A8CA-E2C082F866C8}.Debug|x86.Build.0 = Debug|Any CPU
		{28AEBC73-EAA0-424F-A8CA-E2C082F866C8}.Release|Any CPU.ActiveCfg = Release|Any CPU
		{28AEBC73-EAA0-424F-A8CA-E2C082F866C8}.Release|Any CPU.Build.0 = Release|Any CPU
		{28AEBC73-EAA0-424F-A8CA-E2C082F866C8}.Release|x64.ActiveCfg = Release|Any CPU
		{28AEBC73-EAA0-424F-A8CA-E2C082F866C8}.Release|x64.Build.0 = Release|Any CPU
		{28AEBC73-EAA0-424F-A8CA-E2C082F866C8}.Release|x86.ActiveCfg = Release|Any CPU
		{28AEBC73-EAA0-424F-A8CA-E2C082F866C8}.Release|x86.Build.0 = Release|Any CPU
		{832451A8-E3F3-4471-AE26-C8AC62B8352C}.Debug|Any CPU.ActiveCfg = Debug|Any CPU
		{832451A8-E3F3-4471-AE26-C8AC62B8352C}.Debug|Any CPU.Build.0 = Debug|Any CPU
		{832451A8-E3F3-4471-AE26-C8AC62B8352C}.Debug|x64.ActiveCfg = Debug|Any CPU
		{832451A8-E3F3-4471-AE26-C8AC62B8352C}.Debug|x64.Build.0 = Debug|Any CPU
		{832451A8-E3F3-4471-AE26-C8AC62B8352C}.Debug|x86.ActiveCfg = Debug|Any CPU
		{832451A8-E3F3-4471-AE26-C8AC62B8352C}.Debug|x86.Build.0 = Debug|Any CPU
		{832451A8-E3F3-4471-AE26-C8AC62B8352C}.Release|Any CPU.ActiveCfg = Release|Any CPU
		{832451A8-E3F3-4471-AE26-C8AC62B8352C}.Release|Any CPU.Build.0 = Release|Any CPU
		{832451A8-E3F3-4471-AE26-C8AC62B8352C}.Release|x64.ActiveCfg = Release|Any CPU
		{832451A8-E3F3-4471-AE26-C8AC62B8352C}.Release|x64.Build.0 = Release|Any CPU
		{832451A8-E3F3-4471-AE26-C8AC62B8352C}.Release|x86.ActiveCfg = Release|Any CPU
		{832451A8-E3F3-4471-AE26-C8AC62B8352C}.Release|x86.Build.0 = Release|Any CPU
		{5511427B-43AE-4063-A32C-CBF63BF567E4}.Debug|Any CPU.ActiveCfg = Debug|Any CPU
		{5511427B-43AE-4063-A32C-CBF63BF567E4}.Debug|Any CPU.Build.0 = Debug|Any CPU
		{5511427B-43AE-4063-A32C-CBF63BF567E4}.Debug|x64.ActiveCfg = Debug|Any CPU
		{5511427B-43AE-4063-A32C-CBF63BF567E4}.Debug|x64.Build.0 = Debug|Any CPU
		{5511427B-43AE-4063-A32C-CBF63BF567E4}.Debug|x86.ActiveCfg = Debug|Any CPU
		{5511427B-43AE-4063-A32C-CBF63BF567E4}.Debug|x86.Build.0 = Debug|Any CPU
		{5511427B-43AE-4063-A32C-CBF63BF567E4}.Release|Any CPU.ActiveCfg = Release|Any CPU
		{5511427B-43AE-4063-A32C-CBF63BF567E4}.Release|Any CPU.Build.0 = Release|Any CPU
		{5511427B-43AE-4063-A32C-CBF63BF567E4}.Release|x64.ActiveCfg = Release|Any CPU
		{5511427B-43AE-4063-A32C-CBF63BF567E4}.Release|x64.Build.0 = Release|Any CPU
		{5511427B-43AE-4063-A32C-CBF63BF567E4}.Release|x86.ActiveCfg = Release|Any CPU
		{5511427B-43AE-4063-A32C-CBF63BF567E4}.Release|x86.Build.0 = Release|Any CPU
		{E81C7E21-B65B-4903-9F01-3860E7B07B98}.Debug|Any CPU.ActiveCfg = Debug|Any CPU
		{E81C7E21-B65B-4903-9F01-3860E7B07B98}.Debug|Any CPU.Build.0 = Debug|Any CPU
		{E81C7E21-B65B-4903-9F01-3860E7B07B98}.Debug|x64.ActiveCfg = Debug|Any CPU
		{E81C7E21-B65B-4903-9F01-3860E7B07B98}.Debug|x64.Build.0 = Debug|Any CPU
		{E81C7E21-B65B-4903-9F01-3860E7B07B98}.Debug|x86.ActiveCfg = Debug|Any CPU
		{E81C7E21-B65B-4903-9F01-3860E7B07B98}.Debug|x86.Build.0 = Debug|Any CPU
		{E81C7E21-B65B-4903-9F01-3860E7B07B98}.Release|Any CPU.ActiveCfg = Release|Any CPU
		{E81C7E21-B65B-4903-9F01-3860E7B07B98}.Release|Any CPU.Build.0 = Release|Any CPU
		{E81C7E21-B65B-4903-9F01-3860E7B07B98}.Release|x64.ActiveCfg = Release|Any CPU
		{E81C7E21-B65B-4903-9F01-3860E7B07B98}.Release|x64.Build.0 = Release|Any CPU
		{E81C7E21-B65B-4903-9F01-3860E7B07B98}.Release|x86.ActiveCfg = Release|Any CPU
		{E81C7E21-B65B-4903-9F01-3860E7B07B98}.Release|x86.Build.0 = Release|Any CPU
		{9E9E72FB-67E0-4B6B-90B6-2D4040D16C23}.Debug|Any CPU.ActiveCfg = Debug|Any CPU
		{9E9E72FB-67E0-4B6B-90B6-2D4040D16C23}.Debug|Any CPU.Build.0 = Debug|Any CPU
		{9E9E72FB-67E0-4B6B-90B6-2D4040D16C23}.Debug|x64.ActiveCfg = Debug|Any CPU
		{9E9E72FB-67E0-4B6B-90B6-2D4040D16C23}.Debug|x64.Build.0 = Debug|Any CPU
		{9E9E72FB-67E0-4B6B-90B6-2D4040D16C23}.Debug|x86.ActiveCfg = Debug|Any CPU
		{9E9E72FB-67E0-4B6B-90B6-2D4040D16C23}.Debug|x86.Build.0 = Debug|Any CPU
		{9E9E72FB-67E0-4B6B-90B6-2D4040D16C23}.Release|Any CPU.ActiveCfg = Release|Any CPU
		{9E9E72FB-67E0-4B6B-90B6-2D4040D16C23}.Release|Any CPU.Build.0 = Release|Any CPU
		{9E9E72FB-67E0-4B6B-90B6-2D4040D16C23}.Release|x64.ActiveCfg = Release|Any CPU
		{9E9E72FB-67E0-4B6B-90B6-2D4040D16C23}.Release|x64.Build.0 = Release|Any CPU
		{9E9E72FB-67E0-4B6B-90B6-2D4040D16C23}.Release|x86.ActiveCfg = Release|Any CPU
		{9E9E72FB-67E0-4B6B-90B6-2D4040D16C23}.Release|x86.Build.0 = Release|Any CPU
		{59A7F6B6-CD78-492D-984F-1D4F3C610188}.Debug|Any CPU.ActiveCfg = Debug|Any CPU
		{59A7F6B6-CD78-492D-984F-1D4F3C610188}.Debug|Any CPU.Build.0 = Debug|Any CPU
		{59A7F6B6-CD78-492D-984F-1D4F3C610188}.Debug|x64.ActiveCfg = Debug|Any CPU
		{59A7F6B6-CD78-492D-984F-1D4F3C610188}.Debug|x64.Build.0 = Debug|Any CPU
		{59A7F6B6-CD78-492D-984F-1D4F3C610188}.Debug|x86.ActiveCfg = Debug|Any CPU
		{59A7F6B6-CD78-492D-984F-1D4F3C610188}.Debug|x86.Build.0 = Debug|Any CPU
		{59A7F6B6-CD78-492D-984F-1D4F3C610188}.Release|Any CPU.ActiveCfg = Release|Any CPU
		{59A7F6B6-CD78-492D-984F-1D4F3C610188}.Release|Any CPU.Build.0 = Release|Any CPU
		{59A7F6B6-CD78-492D-984F-1D4F3C610188}.Release|x64.ActiveCfg = Release|Any CPU
		{59A7F6B6-CD78-492D-984F-1D4F3C610188}.Release|x64.Build.0 = Release|Any CPU
		{59A7F6B6-CD78-492D-984F-1D4F3C610188}.Release|x86.ActiveCfg = Release|Any CPU
		{59A7F6B6-CD78-492D-984F-1D4F3C610188}.Release|x86.Build.0 = Release|Any CPU
		{C450CED1-2706-4B54-B5FE-8D24BD58541B}.Debug|Any CPU.ActiveCfg = Debug|Any CPU
		{C450CED1-2706-4B54-B5FE-8D24BD58541B}.Debug|Any CPU.Build.0 = Debug|Any CPU
		{C450CED1-2706-4B54-B5FE-8D24BD58541B}.Debug|x64.ActiveCfg = Debug|Any CPU
		{C450CED1-2706-4B54-B5FE-8D24BD58541B}.Debug|x64.Build.0 = Debug|Any CPU
		{C450CED1-2706-4B54-B5FE-8D24BD58541B}.Debug|x86.ActiveCfg = Debug|Any CPU
		{C450CED1-2706-4B54-B5FE-8D24BD58541B}.Debug|x86.Build.0 = Debug|Any CPU
		{C450CED1-2706-4B54-B5FE-8D24BD58541B}.Release|Any CPU.ActiveCfg = Release|Any CPU
		{C450CED1-2706-4B54-B5FE-8D24BD58541B}.Release|Any CPU.Build.0 = Release|Any CPU
		{C450CED1-2706-4B54-B5FE-8D24BD58541B}.Release|x64.ActiveCfg = Release|Any CPU
		{C450CED1-2706-4B54-B5FE-8D24BD58541B}.Release|x64.Build.0 = Release|Any CPU
		{C450CED1-2706-4B54-B5FE-8D24BD58541B}.Release|x86.ActiveCfg = Release|Any CPU
		{C450CED1-2706-4B54-B5FE-8D24BD58541B}.Release|x86.Build.0 = Release|Any CPU
		{76DB5B99-43AF-424B-82F0-D581C7E88506}.Debug|Any CPU.ActiveCfg = Debug|Any CPU
		{76DB5B99-43AF-424B-82F0-D581C7E88506}.Debug|Any CPU.Build.0 = Debug|Any CPU
		{76DB5B99-43AF-424B-82F0-D581C7E88506}.Debug|x64.ActiveCfg = Debug|Any CPU
		{76DB5B99-43AF-424B-82F0-D581C7E88506}.Debug|x64.Build.0 = Debug|Any CPU
		{76DB5B99-43AF-424B-82F0-D581C7E88506}.Debug|x86.ActiveCfg = Debug|Any CPU
		{76DB5B99-43AF-424B-82F0-D581C7E88506}.Debug|x86.Build.0 = Debug|Any CPU
		{76DB5B99-43AF-424B-82F0-D581C7E88506}.Release|Any CPU.ActiveCfg = Release|Any CPU
		{76DB5B99-43AF-424B-82F0-D581C7E88506}.Release|Any CPU.Build.0 = Release|Any CPU
		{76DB5B99-43AF-424B-82F0-D581C7E88506}.Release|x64.ActiveCfg = Release|Any CPU
		{76DB5B99-43AF-424B-82F0-D581C7E88506}.Release|x64.Build.0 = Release|Any CPU
		{76DB5B99-43AF-424B-82F0-D581C7E88506}.Release|x86.ActiveCfg = Release|Any CPU
		{76DB5B99-43AF-424B-82F0-D581C7E88506}.Release|x86.Build.0 = Release|Any CPU
		{944D78A7-8736-48F4-B6A5-03D51754122A}.Debug|Any CPU.ActiveCfg = Debug|Any CPU
		{944D78A7-8736-48F4-B6A5-03D51754122A}.Debug|Any CPU.Build.0 = Debug|Any CPU
		{944D78A7-8736-48F4-B6A5-03D51754122A}.Debug|x64.ActiveCfg = Debug|Any CPU
		{944D78A7-8736-48F4-B6A5-03D51754122A}.Debug|x64.Build.0 = Debug|Any CPU
		{944D78A7-8736-48F4-B6A5-03D51754122A}.Debug|x86.ActiveCfg = Debug|Any CPU
		{944D78A7-8736-48F4-B6A5-03D51754122A}.Debug|x86.Build.0 = Debug|Any CPU
		{944D78A7-8736-48F4-B6A5-03D51754122A}.Release|Any CPU.ActiveCfg = Release|Any CPU
		{944D78A7-8736-48F4-B6A5-03D51754122A}.Release|Any CPU.Build.0 = Release|Any CPU
		{944D78A7-8736-48F4-B6A5-03D51754122A}.Release|x64.ActiveCfg = Release|Any CPU
		{944D78A7-8736-48F4-B6A5-03D51754122A}.Release|x64.Build.0 = Release|Any CPU
		{944D78A7-8736-48F4-B6A5-03D51754122A}.Release|x86.ActiveCfg = Release|Any CPU
		{944D78A7-8736-48F4-B6A5-03D51754122A}.Release|x86.Build.0 = Release|Any CPU
		{6509EFF6-3415-4040-8975-52BA15533F9A}.Debug|Any CPU.ActiveCfg = Debug|Any CPU
		{6509EFF6-3415-4040-8975-52BA15533F9A}.Debug|Any CPU.Build.0 = Debug|Any CPU
		{6509EFF6-3415-4040-8975-52BA15533F9A}.Debug|x64.ActiveCfg = Debug|Any CPU
		{6509EFF6-3415-4040-8975-52BA15533F9A}.Debug|x64.Build.0 = Debug|Any CPU
		{6509EFF6-3415-4040-8975-52BA15533F9A}.Debug|x86.ActiveCfg = Debug|Any CPU
		{6509EFF6-3415-4040-8975-52BA15533F9A}.Debug|x86.Build.0 = Debug|Any CPU
		{6509EFF6-3415-4040-8975-52BA15533F9A}.Release|Any CPU.ActiveCfg = Release|Any CPU
		{6509EFF6-3415-4040-8975-52BA15533F9A}.Release|Any CPU.Build.0 = Release|Any CPU
		{6509EFF6-3415-4040-8975-52BA15533F9A}.Release|x64.ActiveCfg = Release|Any CPU
		{6509EFF6-3415-4040-8975-52BA15533F9A}.Release|x64.Build.0 = Release|Any CPU
		{6509EFF6-3415-4040-8975-52BA15533F9A}.Release|x86.ActiveCfg = Release|Any CPU
		{6509EFF6-3415-4040-8975-52BA15533F9A}.Release|x86.Build.0 = Release|Any CPU
		{00574253-14DB-4409-847B-B540CBB931EF}.Debug|Any CPU.ActiveCfg = Debug|Any CPU
		{00574253-14DB-4409-847B-B540CBB931EF}.Debug|Any CPU.Build.0 = Debug|Any CPU
		{00574253-14DB-4409-847B-B540CBB931EF}.Debug|x64.ActiveCfg = Debug|Any CPU
		{00574253-14DB-4409-847B-B540CBB931EF}.Debug|x64.Build.0 = Debug|Any CPU
		{00574253-14DB-4409-847B-B540CBB931EF}.Debug|x86.ActiveCfg = Debug|Any CPU
		{00574253-14DB-4409-847B-B540CBB931EF}.Debug|x86.Build.0 = Debug|Any CPU
		{00574253-14DB-4409-847B-B540CBB931EF}.Release|Any CPU.ActiveCfg = Release|Any CPU
		{00574253-14DB-4409-847B-B540CBB931EF}.Release|Any CPU.Build.0 = Release|Any CPU
		{00574253-14DB-4409-847B-B540CBB931EF}.Release|x64.ActiveCfg = Release|Any CPU
		{00574253-14DB-4409-847B-B540CBB931EF}.Release|x64.Build.0 = Release|Any CPU
		{00574253-14DB-4409-847B-B540CBB931EF}.Release|x86.ActiveCfg = Release|Any CPU
		{00574253-14DB-4409-847B-B540CBB931EF}.Release|x86.Build.0 = Release|Any CPU
		{D23B2C92-75C1-4B1A-BBD5-B49243967383}.Debug|Any CPU.ActiveCfg = Debug|Any CPU
		{D23B2C92-75C1-4B1A-BBD5-B49243967383}.Debug|Any CPU.Build.0 = Debug|Any CPU
		{D23B2C92-75C1-4B1A-BBD5-B49243967383}.Debug|x64.ActiveCfg = Debug|Any CPU
		{D23B2C92-75C1-4B1A-BBD5-B49243967383}.Debug|x64.Build.0 = Debug|Any CPU
		{D23B2C92-75C1-4B1A-BBD5-B49243967383}.Debug|x86.ActiveCfg = Debug|Any CPU
		{D23B2C92-75C1-4B1A-BBD5-B49243967383}.Debug|x86.Build.0 = Debug|Any CPU
		{D23B2C92-75C1-4B1A-BBD5-B49243967383}.Release|Any CPU.ActiveCfg = Release|Any CPU
		{D23B2C92-75C1-4B1A-BBD5-B49243967383}.Release|Any CPU.Build.0 = Release|Any CPU
		{D23B2C92-75C1-4B1A-BBD5-B49243967383}.Release|x64.ActiveCfg = Release|Any CPU
		{D23B2C92-75C1-4B1A-BBD5-B49243967383}.Release|x64.Build.0 = Release|Any CPU
		{D23B2C92-75C1-4B1A-BBD5-B49243967383}.Release|x86.ActiveCfg = Release|Any CPU
		{D23B2C92-75C1-4B1A-BBD5-B49243967383}.Release|x86.Build.0 = Release|Any CPU
		{0AA5C11E-4BDB-428E-9663-FE6147289A64}.Debug|Any CPU.ActiveCfg = Debug|Any CPU
		{0AA5C11E-4BDB-428E-9663-FE6147289A64}.Debug|Any CPU.Build.0 = Debug|Any CPU
		{0AA5C11E-4BDB-428E-9663-FE6147289A64}.Debug|x64.ActiveCfg = Debug|Any CPU
		{0AA5C11E-4BDB-428E-9663-FE6147289A64}.Debug|x64.Build.0 = Debug|Any CPU
		{0AA5C11E-4BDB-428E-9663-FE6147289A64}.Debug|x86.ActiveCfg = Debug|Any CPU
		{0AA5C11E-4BDB-428E-9663-FE6147289A64}.Debug|x86.Build.0 = Debug|Any CPU
		{0AA5C11E-4BDB-428E-9663-FE6147289A64}.Release|Any CPU.ActiveCfg = Release|Any CPU
		{0AA5C11E-4BDB-428E-9663-FE6147289A64}.Release|Any CPU.Build.0 = Release|Any CPU
		{0AA5C11E-4BDB-428E-9663-FE6147289A64}.Release|x64.ActiveCfg = Release|Any CPU
		{0AA5C11E-4BDB-428E-9663-FE6147289A64}.Release|x64.Build.0 = Release|Any CPU
		{0AA5C11E-4BDB-428E-9663-FE6147289A64}.Release|x86.ActiveCfg = Release|Any CPU
		{0AA5C11E-4BDB-428E-9663-FE6147289A64}.Release|x86.Build.0 = Release|Any CPU
		{30AA46EE-F4F8-493A-91A3-82D7B23E0780}.Debug|Any CPU.ActiveCfg = Debug|Any CPU
		{30AA46EE-F4F8-493A-91A3-82D7B23E0780}.Debug|Any CPU.Build.0 = Debug|Any CPU
		{30AA46EE-F4F8-493A-91A3-82D7B23E0780}.Debug|x64.ActiveCfg = Debug|Any CPU
		{30AA46EE-F4F8-493A-91A3-82D7B23E0780}.Debug|x64.Build.0 = Debug|Any CPU
		{30AA46EE-F4F8-493A-91A3-82D7B23E0780}.Debug|x86.ActiveCfg = Debug|Any CPU
		{30AA46EE-F4F8-493A-91A3-82D7B23E0780}.Debug|x86.Build.0 = Debug|Any CPU
		{30AA46EE-F4F8-493A-91A3-82D7B23E0780}.Release|Any CPU.ActiveCfg = Release|Any CPU
		{30AA46EE-F4F8-493A-91A3-82D7B23E0780}.Release|Any CPU.Build.0 = Release|Any CPU
		{30AA46EE-F4F8-493A-91A3-82D7B23E0780}.Release|x64.ActiveCfg = Release|Any CPU
		{30AA46EE-F4F8-493A-91A3-82D7B23E0780}.Release|x64.Build.0 = Release|Any CPU
		{30AA46EE-F4F8-493A-91A3-82D7B23E0780}.Release|x86.ActiveCfg = Release|Any CPU
		{30AA46EE-F4F8-493A-91A3-82D7B23E0780}.Release|x86.Build.0 = Release|Any CPU
		{876378D4-19A7-4EE4-8546-0D655C8A9413}.Debug|Any CPU.ActiveCfg = Debug|Any CPU
		{876378D4-19A7-4EE4-8546-0D655C8A9413}.Debug|Any CPU.Build.0 = Debug|Any CPU
		{876378D4-19A7-4EE4-8546-0D655C8A9413}.Debug|x64.ActiveCfg = Debug|Any CPU
		{876378D4-19A7-4EE4-8546-0D655C8A9413}.Debug|x64.Build.0 = Debug|Any CPU
		{876378D4-19A7-4EE4-8546-0D655C8A9413}.Debug|x86.ActiveCfg = Debug|Any CPU
		{876378D4-19A7-4EE4-8546-0D655C8A9413}.Debug|x86.Build.0 = Debug|Any CPU
		{876378D4-19A7-4EE4-8546-0D655C8A9413}.Release|Any CPU.ActiveCfg = Release|Any CPU
		{876378D4-19A7-4EE4-8546-0D655C8A9413}.Release|Any CPU.Build.0 = Release|Any CPU
		{876378D4-19A7-4EE4-8546-0D655C8A9413}.Release|x64.ActiveCfg = Release|Any CPU
		{876378D4-19A7-4EE4-8546-0D655C8A9413}.Release|x64.Build.0 = Release|Any CPU
		{876378D4-19A7-4EE4-8546-0D655C8A9413}.Release|x86.ActiveCfg = Release|Any CPU
		{876378D4-19A7-4EE4-8546-0D655C8A9413}.Release|x86.Build.0 = Release|Any CPU
		{A3FBAAA5-20C0-47CD-B101-B3DCB85650C2}.Debug|Any CPU.ActiveCfg = Debug|Any CPU
		{A3FBAAA5-20C0-47CD-B101-B3DCB85650C2}.Debug|Any CPU.Build.0 = Debug|Any CPU
		{A3FBAAA5-20C0-47CD-B101-B3DCB85650C2}.Debug|x64.ActiveCfg = Debug|Any CPU
		{A3FBAAA5-20C0-47CD-B101-B3DCB85650C2}.Debug|x64.Build.0 = Debug|Any CPU
		{A3FBAAA5-20C0-47CD-B101-B3DCB85650C2}.Debug|x86.ActiveCfg = Debug|Any CPU
		{A3FBAAA5-20C0-47CD-B101-B3DCB85650C2}.Debug|x86.Build.0 = Debug|Any CPU
		{A3FBAAA5-20C0-47CD-B101-B3DCB85650C2}.Release|Any CPU.ActiveCfg = Release|Any CPU
		{A3FBAAA5-20C0-47CD-B101-B3DCB85650C2}.Release|Any CPU.Build.0 = Release|Any CPU
		{A3FBAAA5-20C0-47CD-B101-B3DCB85650C2}.Release|x64.ActiveCfg = Release|Any CPU
		{A3FBAAA5-20C0-47CD-B101-B3DCB85650C2}.Release|x64.Build.0 = Release|Any CPU
		{A3FBAAA5-20C0-47CD-B101-B3DCB85650C2}.Release|x86.ActiveCfg = Release|Any CPU
		{A3FBAAA5-20C0-47CD-B101-B3DCB85650C2}.Release|x86.Build.0 = Release|Any CPU
		{D6BB6CF9-44A2-4A17-AABE-7D14551589B1}.Debug|Any CPU.ActiveCfg = Debug|Any CPU
		{D6BB6CF9-44A2-4A17-AABE-7D14551589B1}.Debug|Any CPU.Build.0 = Debug|Any CPU
		{D6BB6CF9-44A2-4A17-AABE-7D14551589B1}.Debug|x64.ActiveCfg = Debug|Any CPU
		{D6BB6CF9-44A2-4A17-AABE-7D14551589B1}.Debug|x64.Build.0 = Debug|Any CPU
		{D6BB6CF9-44A2-4A17-AABE-7D14551589B1}.Debug|x86.ActiveCfg = Debug|Any CPU
		{D6BB6CF9-44A2-4A17-AABE-7D14551589B1}.Debug|x86.Build.0 = Debug|Any CPU
		{D6BB6CF9-44A2-4A17-AABE-7D14551589B1}.Release|Any CPU.ActiveCfg = Release|Any CPU
		{D6BB6CF9-44A2-4A17-AABE-7D14551589B1}.Release|Any CPU.Build.0 = Release|Any CPU
		{D6BB6CF9-44A2-4A17-AABE-7D14551589B1}.Release|x64.ActiveCfg = Release|Any CPU
		{D6BB6CF9-44A2-4A17-AABE-7D14551589B1}.Release|x64.Build.0 = Release|Any CPU
		{D6BB6CF9-44A2-4A17-AABE-7D14551589B1}.Release|x86.ActiveCfg = Release|Any CPU
		{D6BB6CF9-44A2-4A17-AABE-7D14551589B1}.Release|x86.Build.0 = Release|Any CPU
		{1AFF893F-9970-489D-A098-603AEB1BAE60}.Debug|Any CPU.ActiveCfg = Debug|Any CPU
		{1AFF893F-9970-489D-A098-603AEB1BAE60}.Debug|Any CPU.Build.0 = Debug|Any CPU
		{1AFF893F-9970-489D-A098-603AEB1BAE60}.Debug|x64.ActiveCfg = Debug|Any CPU
		{1AFF893F-9970-489D-A098-603AEB1BAE60}.Debug|x64.Build.0 = Debug|Any CPU
		{1AFF893F-9970-489D-A098-603AEB1BAE60}.Debug|x86.ActiveCfg = Debug|Any CPU
		{1AFF893F-9970-489D-A098-603AEB1BAE60}.Debug|x86.Build.0 = Debug|Any CPU
		{1AFF893F-9970-489D-A098-603AEB1BAE60}.Release|Any CPU.ActiveCfg = Release|Any CPU
		{1AFF893F-9970-489D-A098-603AEB1BAE60}.Release|Any CPU.Build.0 = Release|Any CPU
		{1AFF893F-9970-489D-A098-603AEB1BAE60}.Release|x64.ActiveCfg = Release|Any CPU
		{1AFF893F-9970-489D-A098-603AEB1BAE60}.Release|x64.Build.0 = Release|Any CPU
		{1AFF893F-9970-489D-A098-603AEB1BAE60}.Release|x86.ActiveCfg = Release|Any CPU
		{1AFF893F-9970-489D-A098-603AEB1BAE60}.Release|x86.Build.0 = Release|Any CPU
		{3B9B87DE-D516-4217-8C85-AF5BFBCAA36A}.Debug|Any CPU.ActiveCfg = Debug|Any CPU
		{3B9B87DE-D516-4217-8C85-AF5BFBCAA36A}.Debug|Any CPU.Build.0 = Debug|Any CPU
		{3B9B87DE-D516-4217-8C85-AF5BFBCAA36A}.Debug|x64.ActiveCfg = Debug|Any CPU
		{3B9B87DE-D516-4217-8C85-AF5BFBCAA36A}.Debug|x64.Build.0 = Debug|Any CPU
		{3B9B87DE-D516-4217-8C85-AF5BFBCAA36A}.Debug|x86.ActiveCfg = Debug|Any CPU
		{3B9B87DE-D516-4217-8C85-AF5BFBCAA36A}.Debug|x86.Build.0 = Debug|Any CPU
		{3B9B87DE-D516-4217-8C85-AF5BFBCAA36A}.Release|Any CPU.ActiveCfg = Release|Any CPU
		{3B9B87DE-D516-4217-8C85-AF5BFBCAA36A}.Release|Any CPU.Build.0 = Release|Any CPU
		{3B9B87DE-D516-4217-8C85-AF5BFBCAA36A}.Release|x64.ActiveCfg = Release|Any CPU
		{3B9B87DE-D516-4217-8C85-AF5BFBCAA36A}.Release|x64.Build.0 = Release|Any CPU
		{3B9B87DE-D516-4217-8C85-AF5BFBCAA36A}.Release|x86.ActiveCfg = Release|Any CPU
		{3B9B87DE-D516-4217-8C85-AF5BFBCAA36A}.Release|x86.Build.0 = Release|Any CPU
		{28A99180-16AF-4958-A602-D901844D4916}.Debug|Any CPU.ActiveCfg = Debug|Any CPU
		{28A99180-16AF-4958-A602-D901844D4916}.Debug|Any CPU.Build.0 = Debug|Any CPU
		{28A99180-16AF-4958-A602-D901844D4916}.Debug|x64.ActiveCfg = Debug|Any CPU
		{28A99180-16AF-4958-A602-D901844D4916}.Debug|x64.Build.0 = Debug|Any CPU
		{28A99180-16AF-4958-A602-D901844D4916}.Debug|x86.ActiveCfg = Debug|Any CPU
		{28A99180-16AF-4958-A602-D901844D4916}.Debug|x86.Build.0 = Debug|Any CPU
		{28A99180-16AF-4958-A602-D901844D4916}.Release|Any CPU.ActiveCfg = Release|Any CPU
		{28A99180-16AF-4958-A602-D901844D4916}.Release|Any CPU.Build.0 = Release|Any CPU
		{28A99180-16AF-4958-A602-D901844D4916}.Release|x64.ActiveCfg = Release|Any CPU
		{28A99180-16AF-4958-A602-D901844D4916}.Release|x64.Build.0 = Release|Any CPU
		{28A99180-16AF-4958-A602-D901844D4916}.Release|x86.ActiveCfg = Release|Any CPU
		{28A99180-16AF-4958-A602-D901844D4916}.Release|x86.Build.0 = Release|Any CPU
		{5947F1F7-CA7D-4F3A-8B62-BF17479105C2}.Debug|Any CPU.ActiveCfg = Debug|Any CPU
		{5947F1F7-CA7D-4F3A-8B62-BF17479105C2}.Debug|Any CPU.Build.0 = Debug|Any CPU
		{5947F1F7-CA7D-4F3A-8B62-BF17479105C2}.Debug|x64.ActiveCfg = Debug|Any CPU
		{5947F1F7-CA7D-4F3A-8B62-BF17479105C2}.Debug|x64.Build.0 = Debug|Any CPU
		{5947F1F7-CA7D-4F3A-8B62-BF17479105C2}.Debug|x86.ActiveCfg = Debug|Any CPU
		{5947F1F7-CA7D-4F3A-8B62-BF17479105C2}.Debug|x86.Build.0 = Debug|Any CPU
		{5947F1F7-CA7D-4F3A-8B62-BF17479105C2}.Release|Any CPU.ActiveCfg = Release|Any CPU
		{5947F1F7-CA7D-4F3A-8B62-BF17479105C2}.Release|Any CPU.Build.0 = Release|Any CPU
		{5947F1F7-CA7D-4F3A-8B62-BF17479105C2}.Release|x64.ActiveCfg = Release|Any CPU
		{5947F1F7-CA7D-4F3A-8B62-BF17479105C2}.Release|x64.Build.0 = Release|Any CPU
		{5947F1F7-CA7D-4F3A-8B62-BF17479105C2}.Release|x86.ActiveCfg = Release|Any CPU
		{5947F1F7-CA7D-4F3A-8B62-BF17479105C2}.Release|x86.Build.0 = Release|Any CPU
		{26CB959F-5631-4B4B-BA20-721BB86BDA66}.Debug|Any CPU.ActiveCfg = Debug|Any CPU
		{26CB959F-5631-4B4B-BA20-721BB86BDA66}.Debug|Any CPU.Build.0 = Debug|Any CPU
		{26CB959F-5631-4B4B-BA20-721BB86BDA66}.Debug|x64.ActiveCfg = Debug|Any CPU
		{26CB959F-5631-4B4B-BA20-721BB86BDA66}.Debug|x64.Build.0 = Debug|Any CPU
		{26CB959F-5631-4B4B-BA20-721BB86BDA66}.Debug|x86.ActiveCfg = Debug|Any CPU
		{26CB959F-5631-4B4B-BA20-721BB86BDA66}.Debug|x86.Build.0 = Debug|Any CPU
		{26CB959F-5631-4B4B-BA20-721BB86BDA66}.Release|Any CPU.ActiveCfg = Release|Any CPU
		{26CB959F-5631-4B4B-BA20-721BB86BDA66}.Release|Any CPU.Build.0 = Release|Any CPU
		{26CB959F-5631-4B4B-BA20-721BB86BDA66}.Release|x64.ActiveCfg = Release|Any CPU
		{26CB959F-5631-4B4B-BA20-721BB86BDA66}.Release|x64.Build.0 = Release|Any CPU
		{26CB959F-5631-4B4B-BA20-721BB86BDA66}.Release|x86.ActiveCfg = Release|Any CPU
		{26CB959F-5631-4B4B-BA20-721BB86BDA66}.Release|x86.Build.0 = Release|Any CPU
		{C9F6F30F-68AB-4D2A-93B2-04DA5AD57ADD}.Debug|Any CPU.ActiveCfg = Debug|Any CPU
		{C9F6F30F-68AB-4D2A-93B2-04DA5AD57ADD}.Debug|Any CPU.Build.0 = Debug|Any CPU
		{C9F6F30F-68AB-4D2A-93B2-04DA5AD57ADD}.Debug|x64.ActiveCfg = Debug|Any CPU
		{C9F6F30F-68AB-4D2A-93B2-04DA5AD57ADD}.Debug|x64.Build.0 = Debug|Any CPU
		{C9F6F30F-68AB-4D2A-93B2-04DA5AD57ADD}.Debug|x86.ActiveCfg = Debug|Any CPU
		{C9F6F30F-68AB-4D2A-93B2-04DA5AD57ADD}.Debug|x86.Build.0 = Debug|Any CPU
		{C9F6F30F-68AB-4D2A-93B2-04DA5AD57ADD}.Release|Any CPU.ActiveCfg = Release|Any CPU
		{C9F6F30F-68AB-4D2A-93B2-04DA5AD57ADD}.Release|Any CPU.Build.0 = Release|Any CPU
		{C9F6F30F-68AB-4D2A-93B2-04DA5AD57ADD}.Release|x64.ActiveCfg = Release|Any CPU
		{C9F6F30F-68AB-4D2A-93B2-04DA5AD57ADD}.Release|x64.Build.0 = Release|Any CPU
		{C9F6F30F-68AB-4D2A-93B2-04DA5AD57ADD}.Release|x86.ActiveCfg = Release|Any CPU
		{C9F6F30F-68AB-4D2A-93B2-04DA5AD57ADD}.Release|x86.Build.0 = Release|Any CPU
		{75FF04B9-10A5-4C69-8385-BCC2F5CA9B6F}.Debug|Any CPU.ActiveCfg = Debug|Any CPU
		{75FF04B9-10A5-4C69-8385-BCC2F5CA9B6F}.Debug|Any CPU.Build.0 = Debug|Any CPU
		{75FF04B9-10A5-4C69-8385-BCC2F5CA9B6F}.Debug|x64.ActiveCfg = Debug|Any CPU
		{75FF04B9-10A5-4C69-8385-BCC2F5CA9B6F}.Debug|x64.Build.0 = Debug|Any CPU
		{75FF04B9-10A5-4C69-8385-BCC2F5CA9B6F}.Debug|x86.ActiveCfg = Debug|Any CPU
		{75FF04B9-10A5-4C69-8385-BCC2F5CA9B6F}.Debug|x86.Build.0 = Debug|Any CPU
		{75FF04B9-10A5-4C69-8385-BCC2F5CA9B6F}.Release|Any CPU.ActiveCfg = Release|Any CPU
		{75FF04B9-10A5-4C69-8385-BCC2F5CA9B6F}.Release|Any CPU.Build.0 = Release|Any CPU
		{75FF04B9-10A5-4C69-8385-BCC2F5CA9B6F}.Release|x64.ActiveCfg = Release|Any CPU
		{75FF04B9-10A5-4C69-8385-BCC2F5CA9B6F}.Release|x64.Build.0 = Release|Any CPU
		{75FF04B9-10A5-4C69-8385-BCC2F5CA9B6F}.Release|x86.ActiveCfg = Release|Any CPU
		{75FF04B9-10A5-4C69-8385-BCC2F5CA9B6F}.Release|x86.Build.0 = Release|Any CPU
		{BAA2BAD2-4A05-48B6-9D4F-2145568AE065}.Debug|Any CPU.ActiveCfg = Debug|Any CPU
		{BAA2BAD2-4A05-48B6-9D4F-2145568AE065}.Debug|Any CPU.Build.0 = Debug|Any CPU
		{BAA2BAD2-4A05-48B6-9D4F-2145568AE065}.Debug|x64.ActiveCfg = Debug|Any CPU
		{BAA2BAD2-4A05-48B6-9D4F-2145568AE065}.Debug|x64.Build.0 = Debug|Any CPU
		{BAA2BAD2-4A05-48B6-9D4F-2145568AE065}.Debug|x86.ActiveCfg = Debug|Any CPU
		{BAA2BAD2-4A05-48B6-9D4F-2145568AE065}.Debug|x86.Build.0 = Debug|Any CPU
		{BAA2BAD2-4A05-48B6-9D4F-2145568AE065}.Release|Any CPU.ActiveCfg = Release|Any CPU
		{BAA2BAD2-4A05-48B6-9D4F-2145568AE065}.Release|Any CPU.Build.0 = Release|Any CPU
		{BAA2BAD2-4A05-48B6-9D4F-2145568AE065}.Release|x64.ActiveCfg = Release|Any CPU
		{BAA2BAD2-4A05-48B6-9D4F-2145568AE065}.Release|x64.Build.0 = Release|Any CPU
		{BAA2BAD2-4A05-48B6-9D4F-2145568AE065}.Release|x86.ActiveCfg = Release|Any CPU
		{BAA2BAD2-4A05-48B6-9D4F-2145568AE065}.Release|x86.Build.0 = Release|Any CPU
		{612AA833-0A4E-4451-8145-7C709E2B30F3}.Debug|Any CPU.ActiveCfg = Debug|Any CPU
		{612AA833-0A4E-4451-8145-7C709E2B30F3}.Debug|Any CPU.Build.0 = Debug|Any CPU
		{612AA833-0A4E-4451-8145-7C709E2B30F3}.Debug|x64.ActiveCfg = Debug|Any CPU
		{612AA833-0A4E-4451-8145-7C709E2B30F3}.Debug|x64.Build.0 = Debug|Any CPU
		{612AA833-0A4E-4451-8145-7C709E2B30F3}.Debug|x86.ActiveCfg = Debug|Any CPU
		{612AA833-0A4E-4451-8145-7C709E2B30F3}.Debug|x86.Build.0 = Debug|Any CPU
		{612AA833-0A4E-4451-8145-7C709E2B30F3}.Release|Any CPU.ActiveCfg = Release|Any CPU
		{612AA833-0A4E-4451-8145-7C709E2B30F3}.Release|Any CPU.Build.0 = Release|Any CPU
		{612AA833-0A4E-4451-8145-7C709E2B30F3}.Release|x64.ActiveCfg = Release|Any CPU
		{612AA833-0A4E-4451-8145-7C709E2B30F3}.Release|x64.Build.0 = Release|Any CPU
		{612AA833-0A4E-4451-8145-7C709E2B30F3}.Release|x86.ActiveCfg = Release|Any CPU
		{612AA833-0A4E-4451-8145-7C709E2B30F3}.Release|x86.Build.0 = Release|Any CPU
		{FDAB7CFD-01D8-405A-822C-1E20D885CE52}.Debug|Any CPU.ActiveCfg = Debug|Any CPU
		{FDAB7CFD-01D8-405A-822C-1E20D885CE52}.Debug|Any CPU.Build.0 = Debug|Any CPU
		{FDAB7CFD-01D8-405A-822C-1E20D885CE52}.Debug|x64.ActiveCfg = Debug|Any CPU
		{FDAB7CFD-01D8-405A-822C-1E20D885CE52}.Debug|x64.Build.0 = Debug|Any CPU
		{FDAB7CFD-01D8-405A-822C-1E20D885CE52}.Debug|x86.ActiveCfg = Debug|Any CPU
		{FDAB7CFD-01D8-405A-822C-1E20D885CE52}.Debug|x86.Build.0 = Debug|Any CPU
		{FDAB7CFD-01D8-405A-822C-1E20D885CE52}.Release|Any CPU.ActiveCfg = Release|Any CPU
		{FDAB7CFD-01D8-405A-822C-1E20D885CE52}.Release|Any CPU.Build.0 = Release|Any CPU
		{FDAB7CFD-01D8-405A-822C-1E20D885CE52}.Release|x64.ActiveCfg = Release|Any CPU
		{FDAB7CFD-01D8-405A-822C-1E20D885CE52}.Release|x64.Build.0 = Release|Any CPU
		{FDAB7CFD-01D8-405A-822C-1E20D885CE52}.Release|x86.ActiveCfg = Release|Any CPU
		{FDAB7CFD-01D8-405A-822C-1E20D885CE52}.Release|x86.Build.0 = Release|Any CPU
		{83E581A1-9907-4345-B63A-6A0F40D3E044}.Debug|Any CPU.ActiveCfg = Debug|Any CPU
		{83E581A1-9907-4345-B63A-6A0F40D3E044}.Debug|Any CPU.Build.0 = Debug|Any CPU
		{83E581A1-9907-4345-B63A-6A0F40D3E044}.Debug|x64.ActiveCfg = Debug|Any CPU
		{83E581A1-9907-4345-B63A-6A0F40D3E044}.Debug|x64.Build.0 = Debug|Any CPU
		{83E581A1-9907-4345-B63A-6A0F40D3E044}.Debug|x86.ActiveCfg = Debug|Any CPU
		{83E581A1-9907-4345-B63A-6A0F40D3E044}.Debug|x86.Build.0 = Debug|Any CPU
		{83E581A1-9907-4345-B63A-6A0F40D3E044}.Release|Any CPU.ActiveCfg = Release|Any CPU
		{83E581A1-9907-4345-B63A-6A0F40D3E044}.Release|Any CPU.Build.0 = Release|Any CPU
		{83E581A1-9907-4345-B63A-6A0F40D3E044}.Release|x64.ActiveCfg = Release|Any CPU
		{83E581A1-9907-4345-B63A-6A0F40D3E044}.Release|x64.Build.0 = Release|Any CPU
		{83E581A1-9907-4345-B63A-6A0F40D3E044}.Release|x86.ActiveCfg = Release|Any CPU
		{83E581A1-9907-4345-B63A-6A0F40D3E044}.Release|x86.Build.0 = Release|Any CPU
		{4F82927E-0828-43ED-811B-9DF4CB280C46}.Debug|Any CPU.ActiveCfg = Debug|Any CPU
		{4F82927E-0828-43ED-811B-9DF4CB280C46}.Debug|Any CPU.Build.0 = Debug|Any CPU
		{4F82927E-0828-43ED-811B-9DF4CB280C46}.Debug|x64.ActiveCfg = Debug|Any CPU
		{4F82927E-0828-43ED-811B-9DF4CB280C46}.Debug|x64.Build.0 = Debug|Any CPU
		{4F82927E-0828-43ED-811B-9DF4CB280C46}.Debug|x86.ActiveCfg = Debug|Any CPU
		{4F82927E-0828-43ED-811B-9DF4CB280C46}.Debug|x86.Build.0 = Debug|Any CPU
		{4F82927E-0828-43ED-811B-9DF4CB280C46}.Release|Any CPU.ActiveCfg = Release|Any CPU
		{4F82927E-0828-43ED-811B-9DF4CB280C46}.Release|Any CPU.Build.0 = Release|Any CPU
		{4F82927E-0828-43ED-811B-9DF4CB280C46}.Release|x64.ActiveCfg = Release|Any CPU
		{4F82927E-0828-43ED-811B-9DF4CB280C46}.Release|x64.Build.0 = Release|Any CPU
		{4F82927E-0828-43ED-811B-9DF4CB280C46}.Release|x86.ActiveCfg = Release|Any CPU
		{4F82927E-0828-43ED-811B-9DF4CB280C46}.Release|x86.Build.0 = Release|Any CPU
		{F04F3E11-22DD-4F93-B33F-FAB7952D728C}.Debug|Any CPU.ActiveCfg = Debug|Any CPU
		{F04F3E11-22DD-4F93-B33F-FAB7952D728C}.Debug|Any CPU.Build.0 = Debug|Any CPU
		{F04F3E11-22DD-4F93-B33F-FAB7952D728C}.Debug|x64.ActiveCfg = Debug|Any CPU
		{F04F3E11-22DD-4F93-B33F-FAB7952D728C}.Debug|x64.Build.0 = Debug|Any CPU
		{F04F3E11-22DD-4F93-B33F-FAB7952D728C}.Debug|x86.ActiveCfg = Debug|Any CPU
		{F04F3E11-22DD-4F93-B33F-FAB7952D728C}.Debug|x86.Build.0 = Debug|Any CPU
		{F04F3E11-22DD-4F93-B33F-FAB7952D728C}.Release|Any CPU.ActiveCfg = Release|Any CPU
		{F04F3E11-22DD-4F93-B33F-FAB7952D728C}.Release|Any CPU.Build.0 = Release|Any CPU
		{F04F3E11-22DD-4F93-B33F-FAB7952D728C}.Release|x64.ActiveCfg = Release|Any CPU
		{F04F3E11-22DD-4F93-B33F-FAB7952D728C}.Release|x64.Build.0 = Release|Any CPU
		{F04F3E11-22DD-4F93-B33F-FAB7952D728C}.Release|x86.ActiveCfg = Release|Any CPU
		{F04F3E11-22DD-4F93-B33F-FAB7952D728C}.Release|x86.Build.0 = Release|Any CPU
		{88E26D1A-4535-46A3-8ACD-ED9419FB2A1A}.Debug|Any CPU.ActiveCfg = Debug|Any CPU
		{88E26D1A-4535-46A3-8ACD-ED9419FB2A1A}.Debug|Any CPU.Build.0 = Debug|Any CPU
		{88E26D1A-4535-46A3-8ACD-ED9419FB2A1A}.Debug|x64.ActiveCfg = Debug|Any CPU
		{88E26D1A-4535-46A3-8ACD-ED9419FB2A1A}.Debug|x64.Build.0 = Debug|Any CPU
		{88E26D1A-4535-46A3-8ACD-ED9419FB2A1A}.Debug|x86.ActiveCfg = Debug|Any CPU
		{88E26D1A-4535-46A3-8ACD-ED9419FB2A1A}.Debug|x86.Build.0 = Debug|Any CPU
		{88E26D1A-4535-46A3-8ACD-ED9419FB2A1A}.Release|Any CPU.ActiveCfg = Release|Any CPU
		{88E26D1A-4535-46A3-8ACD-ED9419FB2A1A}.Release|Any CPU.Build.0 = Release|Any CPU
		{88E26D1A-4535-46A3-8ACD-ED9419FB2A1A}.Release|x64.ActiveCfg = Release|Any CPU
		{88E26D1A-4535-46A3-8ACD-ED9419FB2A1A}.Release|x64.Build.0 = Release|Any CPU
		{88E26D1A-4535-46A3-8ACD-ED9419FB2A1A}.Release|x86.ActiveCfg = Release|Any CPU
		{88E26D1A-4535-46A3-8ACD-ED9419FB2A1A}.Release|x86.Build.0 = Release|Any CPU
		{4A44076D-F10C-40E8-A598-B4874A861A9B}.Debug|Any CPU.ActiveCfg = Debug|Any CPU
		{4A44076D-F10C-40E8-A598-B4874A861A9B}.Debug|Any CPU.Build.0 = Debug|Any CPU
		{4A44076D-F10C-40E8-A598-B4874A861A9B}.Debug|x64.ActiveCfg = Debug|Any CPU
		{4A44076D-F10C-40E8-A598-B4874A861A9B}.Debug|x64.Build.0 = Debug|Any CPU
		{4A44076D-F10C-40E8-A598-B4874A861A9B}.Debug|x86.ActiveCfg = Debug|Any CPU
		{4A44076D-F10C-40E8-A598-B4874A861A9B}.Debug|x86.Build.0 = Debug|Any CPU
		{4A44076D-F10C-40E8-A598-B4874A861A9B}.Release|Any CPU.ActiveCfg = Release|Any CPU
		{4A44076D-F10C-40E8-A598-B4874A861A9B}.Release|Any CPU.Build.0 = Release|Any CPU
		{4A44076D-F10C-40E8-A598-B4874A861A9B}.Release|x64.ActiveCfg = Release|Any CPU
		{4A44076D-F10C-40E8-A598-B4874A861A9B}.Release|x64.Build.0 = Release|Any CPU
		{4A44076D-F10C-40E8-A598-B4874A861A9B}.Release|x86.ActiveCfg = Release|Any CPU
		{4A44076D-F10C-40E8-A598-B4874A861A9B}.Release|x86.Build.0 = Release|Any CPU
		{9C217792-F57B-466A-9A97-FAF39212E84A}.Debug|Any CPU.ActiveCfg = Debug|Any CPU
		{9C217792-F57B-466A-9A97-FAF39212E84A}.Debug|Any CPU.Build.0 = Debug|Any CPU
		{9C217792-F57B-466A-9A97-FAF39212E84A}.Debug|x64.ActiveCfg = Debug|Any CPU
		{9C217792-F57B-466A-9A97-FAF39212E84A}.Debug|x64.Build.0 = Debug|Any CPU
		{9C217792-F57B-466A-9A97-FAF39212E84A}.Debug|x86.ActiveCfg = Debug|Any CPU
		{9C217792-F57B-466A-9A97-FAF39212E84A}.Debug|x86.Build.0 = Debug|Any CPU
		{9C217792-F57B-466A-9A97-FAF39212E84A}.Release|Any CPU.ActiveCfg = Release|Any CPU
		{9C217792-F57B-466A-9A97-FAF39212E84A}.Release|Any CPU.Build.0 = Release|Any CPU
		{9C217792-F57B-466A-9A97-FAF39212E84A}.Release|x64.ActiveCfg = Release|Any CPU
		{9C217792-F57B-466A-9A97-FAF39212E84A}.Release|x64.Build.0 = Release|Any CPU
		{9C217792-F57B-466A-9A97-FAF39212E84A}.Release|x86.ActiveCfg = Release|Any CPU
		{9C217792-F57B-466A-9A97-FAF39212E84A}.Release|x86.Build.0 = Release|Any CPU
		{BC2518F9-3467-428D-A847-1EE51DB0F212}.Debug|Any CPU.ActiveCfg = Debug|Any CPU
		{BC2518F9-3467-428D-A847-1EE51DB0F212}.Debug|Any CPU.Build.0 = Debug|Any CPU
		{BC2518F9-3467-428D-A847-1EE51DB0F212}.Debug|x64.ActiveCfg = Debug|Any CPU
		{BC2518F9-3467-428D-A847-1EE51DB0F212}.Debug|x64.Build.0 = Debug|Any CPU
		{BC2518F9-3467-428D-A847-1EE51DB0F212}.Debug|x86.ActiveCfg = Debug|Any CPU
		{BC2518F9-3467-428D-A847-1EE51DB0F212}.Debug|x86.Build.0 = Debug|Any CPU
		{BC2518F9-3467-428D-A847-1EE51DB0F212}.Release|Any CPU.ActiveCfg = Release|Any CPU
		{BC2518F9-3467-428D-A847-1EE51DB0F212}.Release|Any CPU.Build.0 = Release|Any CPU
		{BC2518F9-3467-428D-A847-1EE51DB0F212}.Release|x64.ActiveCfg = Release|Any CPU
		{BC2518F9-3467-428D-A847-1EE51DB0F212}.Release|x64.Build.0 = Release|Any CPU
		{BC2518F9-3467-428D-A847-1EE51DB0F212}.Release|x86.ActiveCfg = Release|Any CPU
		{BC2518F9-3467-428D-A847-1EE51DB0F212}.Release|x86.Build.0 = Release|Any CPU
		{B111B425-2361-4173-A097-312A90565C6A}.Debug|Any CPU.ActiveCfg = Debug|Any CPU
		{B111B425-2361-4173-A097-312A90565C6A}.Debug|Any CPU.Build.0 = Debug|Any CPU
		{B111B425-2361-4173-A097-312A90565C6A}.Debug|x64.ActiveCfg = Debug|Any CPU
		{B111B425-2361-4173-A097-312A90565C6A}.Debug|x64.Build.0 = Debug|Any CPU
		{B111B425-2361-4173-A097-312A90565C6A}.Debug|x86.ActiveCfg = Debug|Any CPU
		{B111B425-2361-4173-A097-312A90565C6A}.Debug|x86.Build.0 = Debug|Any CPU
		{B111B425-2361-4173-A097-312A90565C6A}.Release|Any CPU.ActiveCfg = Release|Any CPU
		{B111B425-2361-4173-A097-312A90565C6A}.Release|Any CPU.Build.0 = Release|Any CPU
		{B111B425-2361-4173-A097-312A90565C6A}.Release|x64.ActiveCfg = Release|Any CPU
		{B111B425-2361-4173-A097-312A90565C6A}.Release|x64.Build.0 = Release|Any CPU
		{B111B425-2361-4173-A097-312A90565C6A}.Release|x86.ActiveCfg = Release|Any CPU
		{B111B425-2361-4173-A097-312A90565C6A}.Release|x86.Build.0 = Release|Any CPU
		{88E56944-53AF-41B5-81E6-50C503539CA3}.Debug|Any CPU.ActiveCfg = Debug|Any CPU
		{88E56944-53AF-41B5-81E6-50C503539CA3}.Debug|Any CPU.Build.0 = Debug|Any CPU
		{88E56944-53AF-41B5-81E6-50C503539CA3}.Debug|x64.ActiveCfg = Debug|Any CPU
		{88E56944-53AF-41B5-81E6-50C503539CA3}.Debug|x64.Build.0 = Debug|Any CPU
		{88E56944-53AF-41B5-81E6-50C503539CA3}.Debug|x86.ActiveCfg = Debug|Any CPU
		{88E56944-53AF-41B5-81E6-50C503539CA3}.Debug|x86.Build.0 = Debug|Any CPU
		{88E56944-53AF-41B5-81E6-50C503539CA3}.Release|Any CPU.ActiveCfg = Release|Any CPU
		{88E56944-53AF-41B5-81E6-50C503539CA3}.Release|Any CPU.Build.0 = Release|Any CPU
		{88E56944-53AF-41B5-81E6-50C503539CA3}.Release|x64.ActiveCfg = Release|Any CPU
		{88E56944-53AF-41B5-81E6-50C503539CA3}.Release|x64.Build.0 = Release|Any CPU
		{88E56944-53AF-41B5-81E6-50C503539CA3}.Release|x86.ActiveCfg = Release|Any CPU
		{88E56944-53AF-41B5-81E6-50C503539CA3}.Release|x86.Build.0 = Release|Any CPU
		{A6BAECF0-30F1-4929-A787-4352CA77485C}.Debug|Any CPU.ActiveCfg = Debug|Any CPU
		{A6BAECF0-30F1-4929-A787-4352CA77485C}.Debug|Any CPU.Build.0 = Debug|Any CPU
		{A6BAECF0-30F1-4929-A787-4352CA77485C}.Debug|x64.ActiveCfg = Debug|Any CPU
		{A6BAECF0-30F1-4929-A787-4352CA77485C}.Debug|x64.Build.0 = Debug|Any CPU
		{A6BAECF0-30F1-4929-A787-4352CA77485C}.Debug|x86.ActiveCfg = Debug|Any CPU
		{A6BAECF0-30F1-4929-A787-4352CA77485C}.Debug|x86.Build.0 = Debug|Any CPU
		{A6BAECF0-30F1-4929-A787-4352CA77485C}.Release|Any CPU.ActiveCfg = Release|Any CPU
		{A6BAECF0-30F1-4929-A787-4352CA77485C}.Release|Any CPU.Build.0 = Release|Any CPU
		{A6BAECF0-30F1-4929-A787-4352CA77485C}.Release|x64.ActiveCfg = Release|Any CPU
		{A6BAECF0-30F1-4929-A787-4352CA77485C}.Release|x64.Build.0 = Release|Any CPU
		{A6BAECF0-30F1-4929-A787-4352CA77485C}.Release|x86.ActiveCfg = Release|Any CPU
		{A6BAECF0-30F1-4929-A787-4352CA77485C}.Release|x86.Build.0 = Release|Any CPU
	EndGlobalSection
	GlobalSection(NestedProjects) = preSolution
		{56DAF99B-567D-4828-8822-74663B0DDA91} = {E596B85A-99C6-45FE-BD0F-C4D33AB9F5A9}
		{6033D366-6444-432D-B0F6-9236ED0DA981} = {E596B85A-99C6-45FE-BD0F-C4D33AB9F5A9}
		{28AEBC73-EAA0-424F-A8CA-E2C082F866C8} = {E596B85A-99C6-45FE-BD0F-C4D33AB9F5A9}
		{832451A8-E3F3-4471-AE26-C8AC62B8352C} = {E596B85A-99C6-45FE-BD0F-C4D33AB9F5A9}
		{5511427B-43AE-4063-A32C-CBF63BF567E4} = {E596B85A-99C6-45FE-BD0F-C4D33AB9F5A9}
		{E81C7E21-B65B-4903-9F01-3860E7B07B98} = {E596B85A-99C6-45FE-BD0F-C4D33AB9F5A9}
		{9E9E72FB-67E0-4B6B-90B6-2D4040D16C23} = {E596B85A-99C6-45FE-BD0F-C4D33AB9F5A9}
		{59A7F6B6-CD78-492D-984F-1D4F3C610188} = {E596B85A-99C6-45FE-BD0F-C4D33AB9F5A9}
		{C450CED1-2706-4B54-B5FE-8D24BD58541B} = {E596B85A-99C6-45FE-BD0F-C4D33AB9F5A9}
		{76DB5B99-43AF-424B-82F0-D581C7E88506} = {E596B85A-99C6-45FE-BD0F-C4D33AB9F5A9}
		{944D78A7-8736-48F4-B6A5-03D51754122A} = {E596B85A-99C6-45FE-BD0F-C4D33AB9F5A9}
		{6509EFF6-3415-4040-8975-52BA15533F9A} = {41C9F60F-E43C-4D83-AABA-99795F08649C}
		{00574253-14DB-4409-847B-B540CBB931EF} = {41C9F60F-E43C-4D83-AABA-99795F08649C}
		{D23B2C92-75C1-4B1A-BBD5-B49243967383} = {41C9F60F-E43C-4D83-AABA-99795F08649C}
		{0AA5C11E-4BDB-428E-9663-FE6147289A64} = {41C9F60F-E43C-4D83-AABA-99795F08649C}
		{30AA46EE-F4F8-493A-91A3-82D7B23E0780} = {41C9F60F-E43C-4D83-AABA-99795F08649C}
		{876378D4-19A7-4EE4-8546-0D655C8A9413} = {41C9F60F-E43C-4D83-AABA-99795F08649C}
		{A3FBAAA5-20C0-47CD-B101-B3DCB85650C2} = {41C9F60F-E43C-4D83-AABA-99795F08649C}
		{D6BB6CF9-44A2-4A17-AABE-7D14551589B1} = {41C9F60F-E43C-4D83-AABA-99795F08649C}
		{1AFF893F-9970-489D-A098-603AEB1BAE60} = {41C9F60F-E43C-4D83-AABA-99795F08649C}
		{3B9B87DE-D516-4217-8C85-AF5BFBCAA36A} = {41C9F60F-E43C-4D83-AABA-99795F08649C}
		{28A99180-16AF-4958-A602-D901844D4916} = {41C9F60F-E43C-4D83-AABA-99795F08649C}
		{5947F1F7-CA7D-4F3A-8B62-BF17479105C2} = {E596B85A-99C6-45FE-BD0F-C4D33AB9F5A9}
		{26CB959F-5631-4B4B-BA20-721BB86BDA66} = {E596B85A-99C6-45FE-BD0F-C4D33AB9F5A9}
		{C9F6F30F-68AB-4D2A-93B2-04DA5AD57ADD} = {E596B85A-99C6-45FE-BD0F-C4D33AB9F5A9}
		{75FF04B9-10A5-4C69-8385-BCC2F5CA9B6F} = {E596B85A-99C6-45FE-BD0F-C4D33AB9F5A9}
		{BAA2BAD2-4A05-48B6-9D4F-2145568AE065} = {E596B85A-99C6-45FE-BD0F-C4D33AB9F5A9}
		{612AA833-0A4E-4451-8145-7C709E2B30F3} = {E596B85A-99C6-45FE-BD0F-C4D33AB9F5A9}
		{FDAB7CFD-01D8-405A-822C-1E20D885CE52} = {E596B85A-99C6-45FE-BD0F-C4D33AB9F5A9}
		{83E581A1-9907-4345-B63A-6A0F40D3E044} = {E596B85A-99C6-45FE-BD0F-C4D33AB9F5A9}
		{4F82927E-0828-43ED-811B-9DF4CB280C46} = {E596B85A-99C6-45FE-BD0F-C4D33AB9F5A9}
		{F04F3E11-22DD-4F93-B33F-FAB7952D728C} = {41C9F60F-E43C-4D83-AABA-99795F08649C}
		{88E26D1A-4535-46A3-8ACD-ED9419FB2A1A} = {E596B85A-99C6-45FE-BD0F-C4D33AB9F5A9}
		{4A44076D-F10C-40E8-A598-B4874A861A9B} = {E596B85A-99C6-45FE-BD0F-C4D33AB9F5A9}
		{9C217792-F57B-466A-9A97-FAF39212E84A} = {E596B85A-99C6-45FE-BD0F-C4D33AB9F5A9}
		{BC2518F9-3467-428D-A847-1EE51DB0F212} = {E596B85A-99C6-45FE-BD0F-C4D33AB9F5A9}
		{B111B425-2361-4173-A097-312A90565C6A} = {E596B85A-99C6-45FE-BD0F-C4D33AB9F5A9}
		{88E56944-53AF-41B5-81E6-50C503539CA3} = {E596B85A-99C6-45FE-BD0F-C4D33AB9F5A9}
		{A6BAECF0-30F1-4929-A787-4352CA77485C} = {E596B85A-99C6-45FE-BD0F-C4D33AB9F5A9}
	EndGlobalSection
EndGlobal
